// !$*UTF8*$!
{
	archiveVersion = 1;
	classes = {
	};
	objectVersion = 77;
	objects = {

/* Begin PBXBuildFile section */
		9A0000092FE0000000000009 /* techbrosbudgetWidgets.appex in Embed Foundation Extensions */ = {isa = PBXBuildFile; fileRef = 9A0000012FE0000000000001 /* techbrosbudgetWidgets.appex */; settings = {ATTRIBUTES = (RemoveHeadersOnCopy, ); }; };
/* End PBXBuildFile section */

/* Begin PBXContainerItemProxy section */
		31F802202FDFBFAE007A285B /* PBXContainerItemProxy */ = {
			isa = PBXContainerItemProxy;
			containerPortal = 31F8020A2FDFBFAE007A285B /* Project object */;
			proxyType = 1;
			remoteGlobalIDString = 31F802112FDFBFAE007A285B;
			remoteInfo = techbrosbudget;
		};
		31F8022A2FDFBFAE007A285B /* PBXContainerItemProxy */ = {
			isa = PBXContainerItemProxy;
			containerPortal = 31F8020A2FDFBFAE007A285B /* Project object */;
			proxyType = 1;
			remoteGlobalIDString = 31F802112FDFBFAE007A285B;
			remoteInfo = techbrosbudget;
		};
		9A00000B2FE000000000000B /* PBXContainerItemProxy */ = {
			isa = PBXContainerItemProxy;
			containerPortal = 31F8020A2FDFBFAE007A285B /* Project object */;
			proxyType = 1;
			remoteGlobalIDString = 9A0000072FE0000000000007;
			remoteInfo = techbrosbudgetWidgets;
		};
/* End PBXContainerItemProxy section */

/* Begin PBXCopyFilesBuildPhase section */
		9A0000082FE0000000000008 /* Embed Foundation Extensions */ = {
			isa = PBXCopyFilesBuildPhase;
			buildActionMask = 2147483647;
			dstPath = "";
			dstSubfolderSpec = 13;
			files = (
				9A0000092FE0000000000009 /* techbrosbudgetWidgets.appex in Embed Foundation Extensions */,
			);
			name = "Embed Foundation Extensions";
			runOnlyForDeploymentPostprocessing = 0;
		};
/* End PBXCopyFilesBuildPhase section */

/* Begin PBXFileReference section */
		31F802122FDFBFAE007A285B /* techbrosbudget.app */ = {isa = PBXFileReference; explicitFileType = wrapper.application; includeInIndex = 0; path = techbrosbudget.app; sourceTree = BUILT_PRODUCTS_DIR; };
		31F8021F2FDFBFAE007A285B /* techbrosbudgetTests.xctest */ = {isa = PBXFileReference; explicitFileType = wrapper.cfbundle; includeInIndex = 0; path = techbrosbudgetTests.xctest; sourceTree = BUILT_PRODUCTS_DIR; };
		31F802292FDFBFAE007A285B /* techbrosbudgetUITests.xctest */ = {isa = PBXFileReference; explicitFileType = wrapper.cfbundle; includeInIndex = 0; path = techbrosbudgetUITests.xctest; sourceTree = BUILT_PRODUCTS_DIR; };
		9A0000012FE0000000000001 /* techbrosbudgetWidgets.appex */ = {isa = PBXFileReference; explicitFileType = "wrapper.app-extension"; includeInIndex = 0; path = techbrosbudgetWidgets.appex; sourceTree = BUILT_PRODUCTS_DIR; };
/* End PBXFileReference section */

/* Begin PBXFileSystemSynchronizedRootGroup section */
		31F802142FDFBFAE007A285B /* techbrosbudget */ = {
			isa = PBXFileSystemSynchronizedRootGroup;
			path = techbrosbudget;
			sourceTree = "<group>";
		};
		31F802222FDFBFAE007A285B /* techbrosbudgetTests */ = {
			isa = PBXFileSystemSynchronizedRootGroup;
			path = techbrosbudgetTests;
			sourceTree = "<group>";
		};
		31F8022C2FDFBFAE007A285B /* techbrosbudgetUITests */ = {
			isa = PBXFileSystemSynchronizedRootGroup;
			path = techbrosbudgetUITests;
			sourceTree = "<group>";
		};
		9A0000022FE0000000000002 /* SharedBudget */ = {
			isa = PBXFileSystemSynchronizedRootGroup;
			path = SharedBudget;
			sourceTree = "<group>";
		};
		9A0000032FE0000000000003 /* techbrosbudgetWidgets */ = {
			isa = PBXFileSystemSynchronizedRootGroup;
			path = techbrosbudgetWidgets;
			sourceTree = "<group>";
		};
/* End PBXFileSystemSynchronizedRootGroup section */

/* Begin PBXFrameworksBuildPhase section */
		31F8020F2FDFBFAE007A285B /* Frameworks */ = {
			isa = PBXFrameworksBuildPhase;
			buildActionMask = 2147483647;
			files = (
			);
			runOnlyForDeploymentPostprocessing = 0;
		};
		31F8021C2FDFBFAE007A285B /* Frameworks */ = {
			isa = PBXFrameworksBuildPhase;
			buildActionMask = 2147483647;
			files = (
			);
			runOnlyForDeploymentPostprocessing = 0;
		};
		31F802262FDFBFAE007A285B /* Frameworks */ = {
			isa = PBXFrameworksBuildPhase;
			buildActionMask = 2147483647;
			files = (
			);
			runOnlyForDeploymentPostprocessing = 0;
		};
		9A0000042FE0000000000004 /* Frameworks */ = {
			isa = PBXFrameworksBuildPhase;
			buildActionMask = 2147483647;
			files = (
			);
			runOnlyForDeploymentPostprocessing = 0;
		};
/* End PBXFrameworksBuildPhase section */

/* Begin PBXGroup section */
		31F802092FDFBFAE007A285B = {
			isa = PBXGroup;
			children = (
				31F802142FDFBFAE007A285B /* techbrosbudget */,
				9A0000022FE0000000000002 /* SharedBudget */,
				9A0000032FE0000000000003 /* techbrosbudgetWidgets */,
				31F802222FDFBFAE007A285B /* techbrosbudgetTests */,
				31F8022C2FDFBFAE007A285B /* techbrosbudgetUITests */,
				31F802132FDFBFAE007A285B /* Products */,
			);
			sourceTree = "<group>";
		};
		31F802132FDFBFAE007A285B /* Products */ = {
			isa = PBXGroup;
			children = (
				31F802122FDFBFAE007A285B /* techbrosbudget.app */,
				9A0000012FE0000000000001 /* techbrosbudgetWidgets.appex */,
				31F8021F2FDFBFAE007A285B /* techbrosbudgetTests.xctest */,
				31F802292FDFBFAE007A285B /* techbrosbudgetUITests.xctest */,
			);
			name = Products;
			sourceTree = "<group>";
		};
/* End PBXGroup section */

/* Begin PBXNativeTarget section */
		31F802112FDFBFAE007A285B /* techbrosbudget */ = {
			isa = PBXNativeTarget;
			buildConfigurationList = 31F802332FDFBFAE007A285B /* Build configuration list for PBXNativeTarget "techbrosbudget" */;
			buildPhases = (
				31F8020E2FDFBFAE007A285B /* Sources */,
				31F8020F2FDFBFAE007A285B /* Frameworks */,
				31F802102FDFBFAE007A285B /* Resources */,
				9A0000082FE0000000000008 /* Embed Foundation Extensions */,
			);
			buildRules = (
			);
			dependencies = (
				9A00000A2FE000000000000A /* PBXTargetDependency */,
			);
			fileSystemSynchronizedGroups = (
				31F802142FDFBFAE007A285B /* techbrosbudget */,
				9A0000022FE0000000000002 /* SharedBudget */,
			);
			name = techbrosbudget;
			packageProductDependencies = (
			);
			productName = techbrosbudget;
			productReference = 31F802122FDFBFAE007A285B /* techbrosbudget.app */;
			productType = "com.apple.product-type.application";
		};
		31F8021E2FDFBFAE007A285B /* techbrosbudgetTests */ = {
			isa = PBXNativeTarget;
			buildConfigurationList = 31F802362FDFBFAE007A285B /* Build configuration list for PBXNativeTarget "techbrosbudgetTests" */;
			buildPhases = (
				31F8021B2FDFBFAE007A285B /* Sources */,
				31F8021C2FDFBFAE007A285B /* Frameworks */,
				31F8021D2FDFBFAE007A285B /* Resources */,
			);
			buildRules = (
			);
			dependencies = (
				31F802212FDFBFAE007A285B /* PBXTargetDependency */,
			);
			fileSystemSynchronizedGroups = (
				31F802222FDFBFAE007A285B /* techbrosbudgetTests */,
			);
			name = techbrosbudgetTests;
			packageProductDependencies = (
			);
			productName = techbrosbudgetTests;
			productReference = 31F8021F2FDFBFAE007A285B /* techbrosbudgetTests.xctest */;
			productType = "com.apple.product-type.bundle.unit-test";
		};
		31F802282FDFBFAE007A285B /* techbrosbudgetUITests */ = {
			isa = PBXNativeTarget;
			buildConfigurationList = 31F802392FDFBFAE007A285B /* Build configuration list for PBXNativeTarget "techbrosbudgetUITests" */;
			buildPhases = (
				31F802252FDFBFAE007A285B /* Sources */,
				31F802262FDFBFAE007A285B /* Frameworks */,
				31F802272FDFBFAE007A285B /* Resources */,
			);
			buildRules = (
			);
			dependencies = (
				31F8022B2FDFBFAE007A285B /* PBXTargetDependency */,
			);
			fileSystemSynchronizedGroups = (
				31F8022C2FDFBFAE007A285B /* techbrosbudgetUITests */,
			);
			name = techbrosbudgetUITests;
			packageProductDependencies = (
			);
			productName = techbrosbudgetUITests;
			productReference = 31F802292FDFBFAE007A285B /* techbrosbudgetUITests.xctest */;
			productType = "com.apple.product-type.bundle.ui-testing";
		};
		9A0000072FE0000000000007 /* techbrosbudgetWidgets */ = {
			isa = PBXNativeTarget;
			buildConfigurationList = 9A00000E2FE000000000000E /* Build configuration list for PBXNativeTarget "techbrosbudgetWidgets" */;
			buildPhases = (
				9A0000052FE0000000000005 /* Sources */,
				9A0000042FE0000000000004 /* Frameworks */,
				9A0000062FE0000000000006 /* Resources */,
			);
			buildRules = (
			);
			dependencies = (
			);
			fileSystemSynchronizedGroups = (
				9A0000022FE0000000000002 /* SharedBudget */,
				9A0000032FE0000000000003 /* techbrosbudgetWidgets */,
			);
			name = techbrosbudgetWidgets;
			packageProductDependencies = (
			);
			productName = techbrosbudgetWidgets;
			productReference = 9A0000012FE0000000000001 /* techbrosbudgetWidgets.appex */;
			productType = "com.apple.product-type.app-extension";
		};
/* End PBXNativeTarget section */

/* Begin PBXProject section */
		31F8020A2FDFBFAE007A285B /* Project object */ = {
			isa = PBXProject;
			attributes = {
				BuildIndependentTargetsInParallel = 1;
				LastSwiftUpdateCheck = 2650;
				LastUpgradeCheck = 2660;
				TargetAttributes = {
					31F802112FDFBFAE007A285B = {
						CreatedOnToolsVersion = 26.5;
						SystemCapabilities = {
							com.apple.iCloud = {
								enabled = 1;
							};
						};
					};
					31F8021E2FDFBFAE007A285B = {
						CreatedOnToolsVersion = 26.5;
						TestTargetID = 31F802112FDFBFAE007A285B;
					};
					31F802282FDFBFAE007A285B = {
						CreatedOnToolsVersion = 26.5;
						TestTargetID = 31F802112FDFBFAE007A285B;
					};
					9A0000072FE0000000000007 = {
						CreatedOnToolsVersion = 26.5;
					};
				};
			};
			buildConfigurationList = 31F8020D2FDFBFAE007A285B /* Build configuration list for PBXProject "techbrosbudget" */;
			developmentRegion = en;
			hasScannedForEncodings = 0;
			knownRegions = (
				en,
				Base,
			);
			mainGroup = 31F802092FDFBFAE007A285B;
			minimizedProjectReferenceProxies = 1;
			preferredProjectObjectVersion = 77;
			productRefGroup = 31F802132FDFBFAE007A285B /* Products */;
			projectDirPath = "";
			projectRoot = "";
			targets = (
				31F802112FDFBFAE007A285B /* techbrosbudget */,
				9A0000072FE0000000000007 /* techbrosbudgetWidgets */,
				31F8021E2FDFBFAE007A285B /* techbrosbudgetTests */,
				31F802282FDFBFAE007A285B /* techbrosbudgetUITests */,
			);
		};
/* End PBXProject section */

/* Begin PBXResourcesBuildPhase section */
		31F802102FDFBFAE007A285B /* Resources */ = {
			isa = PBXResourcesBuildPhase;
			buildActionMask = 2147483647;
			files = (
			);
			runOnlyForDeploymentPostprocessing = 0;
		};
		31F8021D2FDFBFAE007A285B /* Resources */ = {
			isa = PBXResourcesBuildPhase;
			buildActionMask = 2147483647;
			files = (
			);
			runOnlyForDeploymentPostprocessing = 0;
		};
		31F802272FDFBFAE007A285B /* Resources */ = {
			isa = PBXResourcesBuildPhase;
			buildActionMask = 2147483647;
			files = (
			);
			runOnlyForDeploymentPostprocessing = 0;
		};
		9A0000062FE0000000000006 /* Resources */ = {
			isa = PBXResourcesBuildPhase;
			buildActionMask = 2147483647;
			files = (
			);
			runOnlyForDeploymentPostprocessing = 0;
		};
/* End PBXResourcesBuildPhase section */

/* Begin PBXSourcesBuildPhase section */
		31F8020E2FDFBFAE007A285B /* Sources */ = {
			isa = PBXSourcesBuildPhase;
			buildActionMask = 2147483647;
			files = (
			);
			runOnlyForDeploymentPostprocessing = 0;
		};
		31F8021B2FDFBFAE007A285B /* Sources */ = {
			isa = PBXSourcesBuildPhase;
			buildActionMask = 2147483647;
			files = (
			);
			runOnlyForDeploymentPostprocessing = 0;
		};
		31F802252FDFBFAE007A285B /* Sources */ = {
			isa = PBXSourcesBuildPhase;
			buildActionMask = 2147483647;
			files = (
			);
			runOnlyForDeploymentPostprocessing = 0;
		};
		9A0000052FE0000000000005 /* Sources */ = {
			isa = PBXSourcesBuildPhase;
			buildActionMask = 2147483647;
			files = (
			);
			runOnlyForDeploymentPostprocessing = 0;
		};
/* End PBXSourcesBuildPhase section */

/* Begin PBXTargetDependency section */
		31F802212FDFBFAE007A285B /* PBXTargetDependency */ = {
			isa = PBXTargetDependency;
			target = 31F802112FDFBFAE007A285B /* techbrosbudget */;
			targetProxy = 31F802202FDFBFAE007A285B /* PBXContainerItemProxy */;
		};
		31F8022B2FDFBFAE007A285B /* PBXTargetDependency */ = {
			isa = PBXTargetDependency;
			target = 31F802112FDFBFAE007A285B /* techbrosbudget */;
			targetProxy = 31F8022A2FDFBFAE007A285B /* PBXContainerItemProxy */;
		};
		9A00000A2FE000000000000A /* PBXTargetDependency */ = {
			isa = PBXTargetDependency;
			target = 9A0000072FE0000000000007 /* techbrosbudgetWidgets */;
			targetProxy = 9A00000B2FE000000000000B /* PBXContainerItemProxy */;
		};
/* End PBXTargetDependency section */

/* Begin XCBuildConfiguration section */
		31F802312FDFBFAE007A285B /* Debug */ = {
			isa = XCBuildConfiguration;
			buildSettings = {
				ALWAYS_SEARCH_USER_PATHS = NO;
				ASSETCATALOG_COMPILER_GENERATE_SWIFT_ASSET_SYMBOL_EXTENSIONS = YES;
				CLANG_ANALYZER_NONNULL = YES;
				CLANG_ANALYZER_NUMBER_OBJECT_CONVERSION = YES_AGGRESSIVE;
				CLANG_CXX_LANGUAGE_STANDARD = "gnu++20";
				CLANG_ENABLE_MODULES = YES;
				CLANG_ENABLE_OBJC_ARC = YES;
				CLANG_ENABLE_OBJC_WEAK = YES;
				CLANG_WARN_BLOCK_CAPTURE_AUTORELEASING = YES;
				CLANG_WARN_BOOL_CONVERSION = YES;
				CLANG_WARN_COMMA = YES;
				CLANG_WARN_CONSTANT_CONVERSION = YES;
				CLANG_WARN_DEPRECATED_OBJC_IMPLEMENTATIONS = YES;
				CLANG_WARN_DIRECT_OBJC_ISA_USAGE = YES_ERROR;
				CLANG_WARN_DOCUMENTATION_COMMENTS = YES;
				CLANG_WARN_EMPTY_BODY = YES;
				CLANG_WARN_ENUM_CONVERSION = YES;
				CLANG_WARN_INFINITE_RECURSION = YES;
				CLANG_WARN_INT_CONVERSION = YES;
				CLANG_WARN_NON_LITERAL_NULL_CONVERSION = YES;
				CLANG_WARN_OBJC_IMPLICIT_RETAIN_SELF = YES;
				CLANG_WARN_OBJC_LITERAL_CONVERSION = YES;
				CLANG_WARN_OBJC_ROOT_CLASS = YES_ERROR;
				CLANG_WARN_QUOTED_INCLUDE_IN_FRAMEWORK_HEADER = YES;
				CLANG_WARN_RANGE_LOOP_ANALYSIS = YES;
				CLANG_WARN_STRICT_PROTOTYPES = YES;
				CLANG_WARN_SUSPICIOUS_MOVE = YES;
				CLANG_WARN_UNGUARDED_AVAILABILITY = YES_AGGRESSIVE;
				CLANG_WARN_UNREACHABLE_CODE = YES;
				CLANG_WARN__DUPLICATE_METHOD_MATCH = YES;
				COPY_PHASE_STRIP = NO;
				DEBUG_INFORMATION_FORMAT = dwarf;
				DEVELOPMENT_TEAM = "";
				ENABLE_STRICT_OBJC_MSGSEND = YES;
				ENABLE_TESTABILITY = YES;
				ENABLE_USER_SCRIPT_SANDBOXING = YES;
				GCC_C_LANGUAGE_STANDARD = gnu17;
				GCC_DYNAMIC_NO_PIC = NO;
				GCC_NO_COMMON_BLOCKS = YES;
				GCC_OPTIMIZATION_LEVEL = 0;
				GCC_PREPROCESSOR_DEFINITIONS = (
					"DEBUG=1",
					"$(inherited)",
				);
				GCC_WARN_64_TO_32_BIT_CONVERSION = YES;
				GCC_WARN_ABOUT_RETURN_TYPE = YES_ERROR;
				GCC_WARN_UNDECLARED_SELECTOR = YES;
				GCC_WARN_UNINITIALIZED_AUTOS = YES_AGGRESSIVE;
				GCC_WARN_UNUSED_FUNCTION = YES;
				GCC_WARN_UNUSED_VARIABLE = YES;
				IPHONEOS_DEPLOYMENT_TARGET = 26.5;
				LOCALIZATION_PREFERS_STRING_CATALOGS = YES;
				MTL_ENABLE_DEBUG_INFO = INCLUDE_SOURCE;
				MTL_FAST_MATH = YES;
				ONLY_ACTIVE_ARCH = YES;
				SDKROOT = iphoneos;
				STRING_CATALOG_GENERATE_SYMBOLS = YES;
				SWIFT_ACTIVE_COMPILATION_CONDITIONS = "DEBUG $(inherited)";
				SWIFT_OPTIMIZATION_LEVEL = "-Onone";
			};
			name = Debug;
		};
		31F802322FDFBFAE007A285B /* Release */ = {
			isa = XCBuildConfiguration;
			buildSettings = {
				ALWAYS_SEARCH_USER_PATHS = NO;
				ASSETCATALOG_COMPILER_GENERATE_SWIFT_ASSET_SYMBOL_EXTENSIONS = YES;
				CLANG_ANALYZER_NONNULL = YES;
				CLANG_ANALYZER_NUMBER_OBJECT_CONVERSION = YES_AGGRESSIVE;
				CLANG_CXX_LANGUAGE_STANDARD = "gnu++20";
				CLANG_ENABLE_MODULES = YES;
				CLANG_ENABLE_OBJC_ARC = YES;
				CLANG_ENABLE_OBJC_WEAK = YES;
				CLANG_WARN_BLOCK_CAPTURE_AUTORELEASING = YES;
				CLANG_WARN_BOOL_CONVERSION = YES;
				CLANG_WARN_COMMA = YES;
				CLANG_WARN_CONSTANT_CONVERSION = YES;
				CLANG_WARN_DEPRECATED_OBJC_IMPLEMENTATIONS = YES;
				CLANG_WARN_DIRECT_OBJC_ISA_USAGE = YES_ERROR;
				CLANG_WARN_DOCUMENTATION_COMMENTS = YES;
				CLANG_WARN_EMPTY_BODY = YES;
				CLANG_WARN_ENUM_CONVERSION = YES;
				CLANG_WARN_INFINITE_RECURSION = YES;
				CLANG_WARN_INT_CONVERSION = YES;
				CLANG_WARN_NON_LITERAL_NULL_CONVERSION = YES;
				CLANG_WARN_OBJC_IMPLICIT_RETAIN_SELF = YES;
				CLANG_WARN_OBJC_LITERAL_CONVERSION = YES;
				CLANG_WARN_OBJC_ROOT_CLASS = YES_ERROR;
				CLANG_WARN_QUOTED_INCLUDE_IN_FRAMEWORK_HEADER = YES;
				CLANG_WARN_RANGE_LOOP_ANALYSIS = YES;
				CLANG_WARN_STRICT_PROTOTYPES = YES;
				CLANG_WARN_SUSPICIOUS_MOVE = YES;
				CLANG_WARN_UNGUARDED_AVAILABILITY = YES_AGGRESSIVE;
				CLANG_WARN_UNREACHABLE_CODE = YES;
				CLANG_WARN__DUPLICATE_METHOD_MATCH = YES;
				COPY_PHASE_STRIP = NO;
				DEBUG_INFORMATION_FORMAT = "dwarf-with-dsym";
				DEVELOPMENT_TEAM = "";
				ENABLE_NS_ASSERTIONS = NO;
				ENABLE_STRICT_OBJC_MSGSEND = YES;
				ENABLE_USER_SCRIPT_SANDBOXING = YES;
				GCC_C_LANGUAGE_STANDARD = gnu17;
				GCC_NO_COMMON_BLOCKS = YES;
				GCC_WARN_64_TO_32_BIT_CONVERSION = YES;
				GCC_WARN_ABOUT_RETURN_TYPE = YES_ERROR;
				GCC_WARN_UNDECLARED_SELECTOR = YES;
				GCC_WARN_UNINITIALIZED_AUTOS = YES_AGGRESSIVE;
				GCC_WARN_UNUSED_FUNCTION = YES;
				GCC_WARN_UNUSED_VARIABLE = YES;
				IPHONEOS_DEPLOYMENT_TARGET = 26.5;
				LOCALIZATION_PREFERS_STRING_CATALOGS = YES;
				MTL_ENABLE_DEBUG_INFO = NO;
				MTL_FAST_MATH = YES;
				SDKROOT = iphoneos;
				STRING_CATALOG_GENERATE_SYMBOLS = YES;
				SWIFT_COMPILATION_MODE = wholemodule;
				VALIDATE_PRODUCT = YES;
			};
			name = Release;
		};
		31F802342FDFBFAE007A285B /* Debug */ = {
			isa = XCBuildConfiguration;
			buildSettings = {
				ASSETCATALOG_COMPILER_APPICON_NAME = AppIcon;
				ASSETCATALOG_COMPILER_GLOBAL_ACCENT_COLOR_NAME = AccentColor;
				CODE_SIGN_ENTITLEMENTS = techbrosbudget/techbrosbudget.entitlements;
				CODE_SIGN_STYLE = Automatic;
				CURRENT_PROJECT_VERSION = 1;
				DEVELOPMENT_TEAM = AD6Q827Z79;
				ENABLE_PREVIEWS = YES;
				GENERATE_INFOPLIST_FILE = YES;
				INFOPLIST_KEY_CFBundleDisplayName = "Tech Bros Budget";
				INFOPLIST_KEY_ITSAppUsesNonExemptEncryption = NO;
				INFOPLIST_KEY_LSApplicationCategoryType = "public.app-category.finance";
				INFOPLIST_KEY_NSSiriUsageDescription = "Tech Bros Budget uses voice commands to record expenses you dictate.";
				INFOPLIST_KEY_UIApplicationSceneManifest_Generation = YES;
				INFOPLIST_KEY_UIApplicationSupportsIndirectInputEvents = YES;
				INFOPLIST_KEY_UILaunchScreen_Generation = YES;
				INFOPLIST_KEY_UISupportedInterfaceOrientations_iPad = "UIInterfaceOrientationPortrait UIInterfaceOrientationPortraitUpsideDown UIInterfaceOrientationLandscapeLeft UIInterfaceOrientationLandscapeRight";
				INFOPLIST_KEY_UISupportedInterfaceOrientations_iPhone = "UIInterfaceOrientationPortrait UIInterfaceOrientationLandscapeLeft UIInterfaceOrientationLandscapeRight";
				LD_RUNPATH_SEARCH_PATHS = (
					"$(inherited)",
					"@executable_path/Frameworks",
				);
				MARKETING_VERSION = 0.1;
				PRODUCT_BUNDLE_IDENTIFIER = reda.techbrosbudget;
				PRODUCT_NAME = "$(TARGET_NAME)";
				STRING_CATALOG_GENERATE_SYMBOLS = YES;
				SWIFT_APPROACHABLE_CONCURRENCY = YES;
				SWIFT_DEFAULT_ACTOR_ISOLATION = MainActor;
				SWIFT_EMIT_LOC_STRINGS = YES;
				SWIFT_UPCOMING_FEATURE_MEMBER_IMPORT_VISIBILITY = YES;
				SWIFT_VERSION = 5.0;
				TARGETED_DEVICE_FAMILY = "1,2";
			};
			name = Debug;
		};
		31F802352FDFBFAE007A285B /* Release */ = {
			isa = XCBuildConfiguration;
			buildSettings = {
				ASSETCATALOG_COMPILER_APPICON_NAME = AppIcon;
				ASSETCATALOG_COMPILER_GLOBAL_ACCENT_COLOR_NAME = AccentColor;
				CODE_SIGN_ENTITLEMENTS = techbrosbudget/techbrosbudget.entitlements;
				CODE_SIGN_STYLE = Automatic;
				CURRENT_PROJECT_VERSION = 1;
				DEVELOPMENT_TEAM = AD6Q827Z79;
				ENABLE_PREVIEWS = YES;
				GENERATE_INFOPLIST_FILE = YES;
				INFOPLIST_KEY_CFBundleDisplayName = "Tech Bros Budget";
				INFOPLIST_KEY_ITSAppUsesNonExemptEncryption = NO;
				INFOPLIST_KEY_LSApplicationCategoryType = "public.app-category.finance";
				INFOPLIST_KEY_NSSiriUsageDescription = "Tech Bros Budget uses voice commands to record expenses you dictate.";
				INFOPLIST_KEY_UIApplicationSceneManifest_Generation = YES;
				INFOPLIST_KEY_UIApplicationSupportsIndirectInputEvents = YES;
				INFOPLIST_KEY_UILaunchScreen_Generation = YES;
				INFOPLIST_KEY_UISupportedInterfaceOrientations_iPad = "UIInterfaceOrientationPortrait UIInterfaceOrientationPortraitUpsideDown UIInterfaceOrientationLandscapeLeft UIInterfaceOrientationLandscapeRight";
				INFOPLIST_KEY_UISupportedInterfaceOrientations_iPhone = "UIInterfaceOrientationPortrait UIInterfaceOrientationLandscapeLeft UIInterfaceOrientationLandscapeRight";
				LD_RUNPATH_SEARCH_PATHS = (
					"$(inherited)",
					"@executable_path/Frameworks",
				);
				MARKETING_VERSION = 0.1;
				PRODUCT_BUNDLE_IDENTIFIER = reda.techbrosbudget;
				PRODUCT_NAME = "$(TARGET_NAME)";
				STRING_CATALOG_GENERATE_SYMBOLS = YES;
				SWIFT_APPROACHABLE_CONCURRENCY = YES;
				SWIFT_DEFAULT_ACTOR_ISOLATION = MainActor;
				SWIFT_EMIT_LOC_STRINGS = YES;
				SWIFT_UPCOMING_FEATURE_MEMBER_IMPORT_VISIBILITY = YES;
				SWIFT_VERSION = 5.0;
				TARGETED_DEVICE_FAMILY = "1,2";
			};
			name = Release;
		};
		31F802372FDFBFAE007A285B /* Debug */ = {
			isa = XCBuildConfiguration;
			buildSettings = {
				BUNDLE_LOADER = "$(TEST_HOST)";
				CODE_SIGN_STYLE = Automatic;
				CURRENT_PROJECT_VERSION = 1;
				DEVELOPMENT_TEAM = AD6Q827Z79;
				GENERATE_INFOPLIST_FILE = YES;
				IPHONEOS_DEPLOYMENT_TARGET = 26.5;
				MARKETING_VERSION = 1.0;
				PRODUCT_BUNDLE_IDENTIFIER = reda.techbrosbudgetTests;
				PRODUCT_NAME = "$(TARGET_NAME)";
				STRING_CATALOG_GENERATE_SYMBOLS = NO;
				SWIFT_APPROACHABLE_CONCURRENCY = YES;
				SWIFT_EMIT_LOC_STRINGS = NO;
				SWIFT_UPCOMING_FEATURE_MEMBER_IMPORT_VISIBILITY = YES;
				SWIFT_VERSION = 5.0;
				TARGETED_DEVICE_FAMILY = "1,2";
				TEST_HOST = "$(BUILT_PRODUCTS_DIR)/techbrosbudget.app/$(BUNDLE_EXECUTABLE_FOLDER_PATH)/techbrosbudget";
			};
			name = Debug;
		};
		31F802382FDFBFAE007A285B /* Release */ = {
			isa = XCBuildConfiguration;
			buildSettings = {
				BUNDLE_LOADER = "$(TEST_HOST)";
				CODE_SIGN_STYLE = Automatic;
				CURRENT_PROJECT_VERSION = 1;
				DEVELOPMENT_TEAM = AD6Q827Z79;
				GENERATE_INFOPLIST_FILE = YES;
				IPHONEOS_DEPLOYMENT_TARGET = 26.5;
				MARKETING_VERSION = 1.0;
				PRODUCT_BUNDLE_IDENTIFIER = reda.techbrosbudgetTests;
				PRODUCT_NAME = "$(TARGET_NAME)";
				STRING_CATALOG_GENERATE_SYMBOLS = NO;
				SWIFT_APPROACHABLE_CONCURRENCY = YES;
				SWIFT_EMIT_LOC_STRINGS = NO;
				SWIFT_UPCOMING_FEATURE_MEMBER_IMPORT_VISIBILITY = YES;
				SWIFT_VERSION = 5.0;
				TARGETED_DEVICE_FAMILY = "1,2";
				TEST_HOST = "$(BUILT_PRODUCTS_DIR)/techbrosbudget.app/$(BUNDLE_EXECUTABLE_FOLDER_PATH)/techbrosbudget";
			};
			name = Release;
		};
		31F8023A2FDFBFAE007A285B /* Debug */ = {
			isa = XCBuildConfiguration;
			buildSettings = {
				CODE_SIGN_STYLE = Automatic;
				CURRENT_PROJECT_VERSION = 1;
				DEVELOPMENT_TEAM = AD6Q827Z79;
				GENERATE_INFOPLIST_FILE = YES;
				IPHONEOS_DEPLOYMENT_TARGET = 26.5;
				"IPHONEOS_DEPLOYMENT_TARGET[sdk=iphoneos*]" = 26.5;
				MARKETING_VERSION = 1.0;
				PRODUCT_BUNDLE_IDENTIFIER = reda.techbrosbudgetUITests;
				PRODUCT_NAME = "$(TARGET_NAME)";
				STRING_CATALOG_GENERATE_SYMBOLS = NO;
				SWIFT_APPROACHABLE_CONCURRENCY = YES;
				SWIFT_EMIT_LOC_STRINGS = NO;
				SWIFT_UPCOMING_FEATURE_MEMBER_IMPORT_VISIBILITY = YES;
				SWIFT_VERSION = 5.0;
				TARGETED_DEVICE_FAMILY = "1,2";
				TEST_TARGET_NAME = techbrosbudget;
			};
			name = Debug;
		};
		31F8023B2FDFBFAE007A285B /* Release */ = {
			isa = XCBuildConfiguration;
			buildSettings = {
				CODE_SIGN_STYLE = Automatic;
				CURRENT_PROJECT_VERSION = 1;
				DEVELOPMENT_TEAM = AD6Q827Z79;
				GENERATE_INFOPLIST_FILE = YES;
				IPHONEOS_DEPLOYMENT_TARGET = 26.5;
				"IPHONEOS_DEPLOYMENT_TARGET[sdk=iphoneos*]" = 26.5;
				MARKETING_VERSION = 1.0;
				PRODUCT_BUNDLE_IDENTIFIER = reda.techbrosbudgetUITests;
				PRODUCT_NAME = "$(TARGET_NAME)";
				STRING_CATALOG_GENERATE_SYMBOLS = NO;
				SWIFT_APPROACHABLE_CONCURRENCY = YES;
				SWIFT_EMIT_LOC_STRINGS = NO;
				SWIFT_UPCOMING_FEATURE_MEMBER_IMPORT_VISIBILITY = YES;
				SWIFT_VERSION = 5.0;
				TARGETED_DEVICE_FAMILY = "1,2";
				TEST_TARGET_NAME = techbrosbudget;
			};
			name = Release;
		};
		9A00000C2FE000000000000C /* Debug */ = {
			isa = XCBuildConfiguration;
			buildSettings = {
				APPLICATION_EXTENSION_API_ONLY = YES;
				CODE_SIGN_ENTITLEMENTS = techbrosbudgetWidgets/techbrosbudgetWidgets.entitlements;
				CODE_SIGN_STYLE = Automatic;
				CURRENT_PROJECT_VERSION = 1;
				DEVELOPMENT_TEAM = AD6Q827Z79;
				ENABLE_PREVIEWS = YES;
				GENERATE_INFOPLIST_FILE = NO;
				INFOPLIST_FILE = "WidgetSupport/techbrosbudgetWidgets-Info.plist";
				IPHONEOS_DEPLOYMENT_TARGET = 26.5;
				LD_RUNPATH_SEARCH_PATHS = (
					"$(inherited)",
					"@executable_path/Frameworks",
					"@executable_path/../../Frameworks",
				);
				MARKETING_VERSION = 0.1;
				PRODUCT_BUNDLE_IDENTIFIER = reda.techbrosbudget.widgets;
				PRODUCT_NAME = "$(TARGET_NAME)";
				SKIP_INSTALL = YES;
				STRING_CATALOG_GENERATE_SYMBOLS = YES;
				SWIFT_APPROACHABLE_CONCURRENCY = YES;
				SWIFT_EMIT_LOC_STRINGS = YES;
				SWIFT_UPCOMING_FEATURE_MEMBER_IMPORT_VISIBILITY = YES;
				SWIFT_VERSION = 5.0;
				TARGETED_DEVICE_FAMILY = "1,2";
			};
			name = Debug;
		};
		9A00000D2FE000000000000D /* Release */ = {
			isa = XCBuildConfiguration;
			buildSettings = {
				APPLICATION_EXTENSION_API_ONLY = YES;
				CODE_SIGN_ENTITLEMENTS = techbrosbudgetWidgets/techbrosbudgetWidgets.entitlements;
				CODE_SIGN_STYLE = Automatic;
				CURRENT_PROJECT_VERSION = 1;
				DEVELOPMENT_TEAM = AD6Q827Z79;
				ENABLE_PREVIEWS = YES;
				GENERATE_INFOPLIST_FILE = NO;
				INFOPLIST_FILE = "WidgetSupport/techbrosbudgetWidgets-Info.plist";
				IPHONEOS_DEPLOYMENT_TARGET = 26.5;
				LD_RUNPATH_SEARCH_PATHS = (
					"$(inherited)",
					"@executable_path/Frameworks",
					"@executable_path/../../Frameworks",
				);
				MARKETING_VERSION = 0.1;
				PRODUCT_BUNDLE_IDENTIFIER = reda.techbrosbudget.widgets;
				PRODUCT_NAME = "$(TARGET_NAME)";
				SKIP_INSTALL = YES;
				STRING_CATALOG_GENERATE_SYMBOLS = YES;
				SWIFT_APPROACHABLE_CONCURRENCY = YES;
				SWIFT_EMIT_LOC_STRINGS = YES;
				SWIFT_UPCOMING_FEATURE_MEMBER_IMPORT_VISIBILITY = YES;
				SWIFT_VERSION = 5.0;
				TARGETED_DEVICE_FAMILY = "1,2";
			};
			name = Release;
		};
/* End XCBuildConfiguration section */

/* Begin XCConfigurationList section */
		31F8020D2FDFBFAE007A285B /* Build configuration list for PBXProject "techbrosbudget" */ = {
			isa = XCConfigurationList;
			buildConfigurations = (
				31F802312FDFBFAE007A285B /* Debug */,
				31F802322FDFBFAE007A285B /* Release */,
			);
			defaultConfigurationIsVisible = 0;
			defaultConfigurationName = Release;
		};
		31F802332FDFBFAE007A285B /* Build configuration list for PBXNativeTarget "techbrosbudget" */ = {
			isa = XCConfigurationList;
			buildConfigurations = (
				31F802342FDFBFAE007A285B /* Debug */,
				31F802352FDFBFAE007A285B /* Release */,
			);
			defaultConfigurationIsVisible = 0;
			defaultConfigurationName = Release;
		};
		31F802362FDFBFAE007A285B /* Build configuration list for PBXNativeTarget "techbrosbudgetTests" */ = {
			isa = XCConfigurationList;
			buildConfigurations = (
				31F802372FDFBFAE007A285B /* Debug */,
				31F802382FDFBFAE007A285B /* Release */,
			);
			defaultConfigurationIsVisible = 0;
			defaultConfigurationName = Release;
		};
		31F802392FDFBFAE007A285B /* Build configuration list for PBXNativeTarget "techbrosbudgetUITests" */ = {
			isa = XCConfigurationList;
			buildConfigurations = (
				31F8023A2FDFBFAE007A285B /* Debug */,
				31F8023B2FDFBFAE007A285B /* Release */,
			);
			defaultConfigurationIsVisible = 0;
			defaultConfigurationName = Release;
		};
		9A00000E2FE000000000000E /* Build configuration list for PBXNativeTarget "techbrosbudgetWidgets" */ = {
			isa = XCConfigurationList;
			buildConfigurations = (
				9A00000C2FE000000000000C /* Debug */,
				9A00000D2FE000000000000D /* Release */,
			);
			defaultConfigurationIsVisible = 0;
			defaultConfigurationName = Release;
		};
/* End XCConfigurationList section */
	};
	rootObject = 31F8020A2FDFBFAE007A285B /* Project object */;
}
